// !$*UTF8*$!
{
	archiveVersion = 1;
	classes = {
	};
	objectVersion = 46;
	objects = {

/* Begin PBXBuildFile section */
		B88D42812183A160CFCDA4DF /* Pods_EVA_Wallet.framework in Frameworks */ = {isa = PBXBuildFile; fileRef = 187CC7C5AF82827D2C59939B /* Pods_EVA_Wallet.framework */; };
		EC328E411D59007A00B5027E /* AppDelegate.swift in Sources */ = {isa = PBXBuildFile; fileRef = EC328E401D59007A00B5027E /* AppDelegate.swift */; };
		EC328E431D59007A00B5027E /* EVAWalletsVC.swift in Sources */ = {isa = PBXBuildFile; fileRef = EC328E421D59007A00B5027E /* EVAWalletsVC.swift */; };
		EC328E481D59007A00B5027E /* Assets.xcassets in Resources */ = {isa = PBXBuildFile; fileRef = EC328E471D59007A00B5027E /* Assets.xcassets */; };
		EC328E4B1D59007A00B5027E /* LaunchScreen.storyboard in Resources */ = {isa = PBXBuildFile; fileRef = EC328E491D59007A00B5027E /* LaunchScreen.storyboard */; };
		EC328E541D590D9400B5027E /* EVAWalletsVC+CollectionView.swift in Sources */ = {isa = PBXBuildFile; fileRef = EC328E531D590D9400B5027E /* EVAWalletsVC+CollectionView.swift */; };
		EC328E561D590FA100B5027E /* EVAWalletsCollectionViewCell.swift in Sources */ = {isa = PBXBuildFile; fileRef = EC328E551D590FA100B5027E /* EVAWalletsCollectionViewCell.swift */; };
		EC3363801D87F9D500DDF7C7 /* EVACreateWalletVC.swift in Sources */ = {isa = PBXBuildFile; fileRef = EC33637F1D87F9D500DDF7C7 /* EVACreateWalletVC.swift */; };
		EC570E121D8B73200012118C /* EVAWalletDetailVC+CollectionView.swift in Sources */ = {isa = PBXBuildFile; fileRef = EC570E111D8B73200012118C /* EVAWalletDetailVC+CollectionView.swift */; };
		EC570E141D8B738B0012118C /* EVAWalletDetailCollectionViewCell.swift in Sources */ = {isa = PBXBuildFile; fileRef = EC570E131D8B738B0012118C /* EVAWalletDetailCollectionViewCell.swift */; };
		ECB613C81D86BE24002CAC53 /* Main.storyboard in Resources */ = {isa = PBXBuildFile; fileRef = ECB613C61D86BE24002CAC53 /* Main.storyboard */; };
		ECBA909A1D869AB600BD2CD8 /* EVAWalletDetailVC.swift in Sources */ = {isa = PBXBuildFile; fileRef = ECBA90991D869AB600BD2CD8 /* EVAWalletDetailVC.swift */; };
		ECDC02641D8BA3840066DF90 /* EVARecieveEtherVC.swift in Sources */ = {isa = PBXBuildFile; fileRef = ECDC02631D8BA3840066DF90 /* EVARecieveEtherVC.swift */; };
		ECE3630C1D816ED70003F724 /* EVAWalletModel.swift in Sources */ = {isa = PBXBuildFile; fileRef = ECE3630B1D816ED70003F724 /* EVAWalletModel.swift */; };
/* End PBXBuildFile section */

/* Begin PBXFileReference section */
		187CC7C5AF82827D2C59939B /* Pods_EVA_Wallet.framework */ = {isa = PBXFileReference; explicitFileType = wrapper.framework; includeInIndex = 0; path = Pods_EVA_Wallet.framework; sourceTree = BUILT_PRODUCTS_DIR; };
		3853D3569CF92C899C62C9EF /* Pods-EVA Wallet.release.xcconfig */ = {isa = PBXFileReference; includeInIndex = 1; lastKnownFileType = text.xcconfig; name = "Pods-EVA Wallet.release.xcconfig"; path = "Pods/Target Support Files/Pods-EVA Wallet/Pods-EVA Wallet.release.xcconfig"; sourceTree = "<group>"; };
		99155A6C8712D06C3A9A27C5 /* Pods-EVA Wallet.debug.xcconfig */ = {isa = PBXFileReference; includeInIndex = 1; lastKnownFileType = text.xcconfig; name = "Pods-EVA Wallet.debug.xcconfig"; path = "Pods/Target Support Files/Pods-EVA Wallet/Pods-EVA Wallet.debug.xcconfig"; sourceTree = "<group>"; };
		EC328E3D1D59007A00B5027E /* EVA Wallet.app */ = {isa = PBXFileReference; explicitFileType = wrapper.application; includeInIndex = 0; path = "EVA Wallet.app"; sourceTree = BUILT_PRODUCTS_DIR; };
		EC328E401D59007A00B5027E /* AppDelegate.swift */ = {isa = PBXFileReference; lastKnownFileType = sourcecode.swift; path = AppDelegate.swift; sourceTree = "<group>"; };
		EC328E421D59007A00B5027E /* EVAWalletsVC.swift */ = {isa = PBXFileReference; lastKnownFileType = sourcecode.swift; path = EVAWalletsVC.swift; sourceTree = "<group>"; };
		EC328E471D59007A00B5027E /* Assets.xcassets */ = {isa = PBXFileReference; lastKnownFileType = folder.assetcatalog; path = Assets.xcassets; sourceTree = "<group>"; };
		EC328E4A1D59007A00B5027E /* Base */ = {isa = PBXFileReference; lastKnownFileType = file.storyboard; name = Base; path = Base.lproj/LaunchScreen.storyboard; sourceTree = "<group>"; };
		EC328E4C1D59007A00B5027E /* Info.plist */ = {isa = PBXFileReference; lastKnownFileType = text.plist.xml; path = Info.plist; sourceTree = "<group>"; };
		EC328E531D590D9400B5027E /* EVAWalletsVC+CollectionView.swift */ = {isa = PBXFileReference; fileEncoding = 4; lastKnownFileType = sourcecode.swift; path = "EVAWalletsVC+CollectionView.swift"; sourceTree = "<group>"; };
		EC328E551D590FA100B5027E /* EVAWalletsCollectionViewCell.swift */ = {isa = PBXFileReference; fileEncoding = 4; lastKnownFileType = sourcecode.swift; path = EVAWalletsCollectionViewCell.swift; sourceTree = "<group>"; };
		EC33637F1D87F9D500DDF7C7 /* EVACreateWalletVC.swift */ = {isa = PBXFileReference; fileEncoding = 4; lastKnownFileType = sourcecode.swift; path = EVACreateWalletVC.swift; sourceTree = "<group>"; };
		EC570E111D8B73200012118C /* EVAWalletDetailVC+CollectionView.swift */ = {isa = PBXFileReference; fileEncoding = 4; lastKnownFileType = sourcecode.swift; path = "EVAWalletDetailVC+CollectionView.swift"; sourceTree = "<group>"; };
		EC570E131D8B738B0012118C /* EVAWalletDetailCollectionViewCell.swift */ = {isa = PBXFileReference; fileEncoding = 4; lastKnownFileType = sourcecode.swift; path = EVAWalletDetailCollectionViewCell.swift; sourceTree = "<group>"; };
		ECB613C71D86BE24002CAC53 /* Base */ = {isa = PBXFileReference; lastKnownFileType = file.storyboard; name = Base; path = Base.lproj/Main.storyboard; sourceTree = "<group>"; };
		ECBA90991D869AB600BD2CD8 /* EVAWalletDetailVC.swift */ = {isa = PBXFileReference; fileEncoding = 4; lastKnownFileType = sourcecode.swift; path = EVAWalletDetailVC.swift; sourceTree = "<group>"; };
		ECDC02631D8BA3840066DF90 /* EVARecieveEtherVC.swift */ = {isa = PBXFileReference; fileEncoding = 4; lastKnownFileType = sourcecode.swift; path = EVARecieveEtherVC.swift; sourceTree = "<group>"; };
		ECE3630B1D816ED70003F724 /* EVAWalletModel.swift */ = {isa = PBXFileReference; fileEncoding = 4; lastKnownFileType = sourcecode.swift; path = EVAWalletModel.swift; sourceTree = "<group>"; };
/* End PBXFileReference section */

/* Begin PBXFrameworksBuildPhase section */
		EC328E3A1D59007A00B5027E /* Frameworks */ = {
			isa = PBXFrameworksBuildPhase;
			buildActionMask = 2147483647;
			files = (
				B88D42812183A160CFCDA4DF /* Pods_EVA_Wallet.framework in Frameworks */,
			);
			runOnlyForDeploymentPostprocessing = 0;
		};
/* End PBXFrameworksBuildPhase section */

/* Begin PBXGroup section */
		413B8938DB560C3AE23F0F86 /* Pods */ = {
			isa = PBXGroup;
			children = (
				99155A6C8712D06C3A9A27C5 /* Pods-EVA Wallet.debug.xcconfig */,
				3853D3569CF92C899C62C9EF /* Pods-EVA Wallet.release.xcconfig */,
			);
			name = Pods;
			sourceTree = "<group>";
		};
		D7DB09B5FD99F67572E7740B /* Frameworks */ = {
			isa = PBXGroup;
			children = (
				187CC7C5AF82827D2C59939B /* Pods_EVA_Wallet.framework */,
			);
			name = Frameworks;
			sourceTree = "<group>";
		};
		EC328E341D59007A00B5027E = {
			isa = PBXGroup;
			children = (
				EC328E3F1D59007A00B5027E /* EVA Wallet */,
				EC328E3E1D59007A00B5027E /* Products */,
				413B8938DB560C3AE23F0F86 /* Pods */,
				D7DB09B5FD99F67572E7740B /* Frameworks */,
			);
			sourceTree = "<group>";
		};
		EC328E3E1D59007A00B5027E /* Products */ = {
			isa = PBXGroup;
			children = (
				EC328E3D1D59007A00B5027E /* EVA Wallet.app */,
			);
			name = Products;
			sourceTree = "<group>";
		};
		EC328E3F1D59007A00B5027E /* EVA Wallet */ = {
			isa = PBXGroup;
			children = (
				EC328E401D59007A00B5027E /* AppDelegate.swift */,
				ECE3630A1D816EAB0003F724 /* Models */,
				EC328E521D590A5D00B5027E /* ViewControllers */,
				EC328E491D59007A00B5027E /* LaunchScreen.storyboard */,
				ECB613C61D86BE24002CAC53 /* Main.storyboard */,
				EC328E471D59007A00B5027E /* Assets.xcassets */,
				EC328E4C1D59007A00B5027E /* Info.plist */,
			);
			path = "EVA Wallet";
			sourceTree = "<group>";
		};
		EC328E521D590A5D00B5027E /* ViewControllers */ = {
			isa = PBXGroup;
			children = (
				ECDC02621D8BA35B0066DF90 /* ReceiveEther */,
				EC3363811D87F9DD00DDF7C7 /* CreateWallet */,
				ECBA909B1D86B44900BD2CD8 /* Wallets */,
				ECBA909C1D86B45B00BD2CD8 /* WalletDetail */,
			);
			name = ViewControllers;
			sourceTree = "<group>";
		};
		EC3363811D87F9DD00DDF7C7 /* CreateWallet */ = {
			isa = PBXGroup;
			children = (
				EC33637F1D87F9D500DDF7C7 /* EVACreateWalletVC.swift */,
			);
			name = CreateWallet;
			sourceTree = "<group>";
		};
		ECBA909B1D86B44900BD2CD8 /* Wallets */ = {
			isa = PBXGroup;
			children = (
				EC328E421D59007A00B5027E /* EVAWalletsVC.swift */,
				EC328E531D590D9400B5027E /* EVAWalletsVC+CollectionView.swift */,
				EC328E551D590FA100B5027E /* EVAWalletsCollectionViewCell.swift */,
			);
			name = Wallets;
			sourceTree = "<group>";
		};
		ECBA909C1D86B45B00BD2CD8 /* WalletDetail */ = {
			isa = PBXGroup;
			children = (
				ECBA90991D869AB600BD2CD8 /* EVAWalletDetailVC.swift */,
				EC570E111D8B73200012118C /* EVAWalletDetailVC+CollectionView.swift */,
				EC570E131D8B738B0012118C /* EVAWalletDetailCollectionViewCell.swift */,
			);
			name = WalletDetail;
			sourceTree = "<group>";
		};
		ECDC02621D8BA35B0066DF90 /* ReceiveEther */ = {
			isa = PBXGroup;
			children = (
				ECDC02631D8BA3840066DF90 /* EVARecieveEtherVC.swift */,
			);
			name = ReceiveEther;
			sourceTree = "<group>";
		};
		ECE3630A1D816EAB0003F724 /* Models */ = {
			isa = PBXGroup;
			children = (
				ECE3630B1D816ED70003F724 /* EVAWalletModel.swift */,
			);
			name = Models;
			sourceTree = "<group>";
		};
/* End PBXGroup section */

/* Begin PBXNativeTarget section */
		EC328E3C1D59007A00B5027E /* EVA Wallet */ = {
			isa = PBXNativeTarget;
			buildConfigurationList = EC328E4F1D59007A00B5027E /* Build configuration list for PBXNativeTarget "EVA Wallet" */;
			buildPhases = (
				D39B7B23E5E22659959ED171 /* [CP] Check Pods Manifest.lock */,
				EC328E391D59007A00B5027E /* Sources */,
				EC328E3A1D59007A00B5027E /* Frameworks */,
				EC328E3B1D59007A00B5027E /* Resources */,
				B5D94C54FCE8D32BAFEB9C7E /* [CP] Embed Pods Frameworks */,
				B077B3EDDBA3948995CD5422 /* [CP] Copy Pods Resources */,
			);
			buildRules = (
			);
			dependencies = (
			);
			name = "EVA Wallet";
			productName = "EVA Wallet";
			productReference = EC328E3D1D59007A00B5027E /* EVA Wallet.app */;
			productType = "com.apple.product-type.application";
		};
/* End PBXNativeTarget section */

/* Begin PBXProject section */
		EC328E351D59007A00B5027E /* Project object */ = {
			isa = PBXProject;
			attributes = {
				LastSwiftUpdateCheck = 0730;
				LastUpgradeCheck = 0800;
				ORGANIZATIONNAME = "Flailing Whale";
				TargetAttributes = {
					EC328E3C1D59007A00B5027E = {
						CreatedOnToolsVersion = 7.3.1;
						DevelopmentTeam = 79HLANPT5D;
						LastSwiftMigration = 0800;
					};
				};
			};
			buildConfigurationList = EC328E381D59007A00B5027E /* Build configuration list for PBXProject "EVA Wallet" */;
			compatibilityVersion = "Xcode 3.2";
			developmentRegion = English;
			hasScannedForEncodings = 0;
			knownRegions = (
				en,
				Base,
			);
			mainGroup = EC328E341D59007A00B5027E;
			productRefGroup = EC328E3E1D59007A00B5027E /* Products */;
			projectDirPath = "";
			projectRoot = "";
			targets = (
				EC328E3C1D59007A00B5027E /* EVA Wallet */,
			);
		};
/* End PBXProject section */

/* Begin PBXResourcesBuildPhase section */
		EC328E3B1D59007A00B5027E /* Resources */ = {
			isa = PBXResourcesBuildPhase;
			buildActionMask = 2147483647;
			files = (
				ECB613C81D86BE24002CAC53 /* Main.storyboard in Resources */,
				EC328E4B1D59007A00B5027E /* LaunchScreen.storyboard in Resources */,
				EC328E481D59007A00B5027E /* Assets.xcassets in Resources */,
			);
			runOnlyForDeploymentPostprocessing = 0;
		};
/* End PBXResourcesBuildPhase section */

/* Begin PBXShellScriptBuildPhase section */
		B077B3EDDBA3948995CD5422 /* [CP] Copy Pods Resources */ = {
			isa = PBXShellScriptBuildPhase;
			buildActionMask = 2147483647;
			files = (
			);
			inputPaths = (
			);
			name = "[CP] Copy Pods Resources";
			outputPaths = (
			);
			runOnlyForDeploymentPostprocessing = 0;
			shellPath = /bin/sh;
			shellScript = "\"${SRCROOT}/Pods/Target Support Files/Pods-EVA Wallet/Pods-EVA Wallet-resources.sh\"\n";
			showEnvVarsInLog = 0;
		};
		B5D94C54FCE8D32BAFEB9C7E /* [CP] Embed Pods Frameworks */ = {
			isa = PBXShellScriptBuildPhase;
			buildActionMask = 2147483647;
			files = (
			);
			inputPaths = (
			);
			name = "[CP] Embed Pods Frameworks";
			outputPaths = (
			);
			runOnlyForDeploymentPostprocessing = 0;
			shellPath = /bin/sh;
			shellScript = "\"${SRCROOT}/Pods/Target Support Files/Pods-EVA Wallet/Pods-EVA Wallet-frameworks.sh\"\n";
			showEnvVarsInLog = 0;
		};
		D39B7B23E5E22659959ED171 /* [CP] Check Pods Manifest.lock */ = {
			isa = PBXShellScriptBuildPhase;
			buildActionMask = 2147483647;
			files = (
			);
			inputPaths = (
			);
			name = "[CP] Check Pods Manifest.lock";
			outputPaths = (
			);
			runOnlyForDeploymentPostprocessing = 0;
			shellPath = /bin/sh;
			shellScript = "diff \"${PODS_ROOT}/../Podfile.lock\" \"${PODS_ROOT}/Manifest.lock\" > /dev/null\nif [[ $? != 0 ]] ; then\n    cat << EOM\nerror: The sandbox is not in sync with the Podfile.lock. Run 'pod install' or update your CocoaPods installation.\nEOM\n    exit 1\nfi\n";
			showEnvVarsInLog = 0;
		};
/* End PBXShellScriptBuildPhase section */

/* Begin PBXSourcesBuildPhase section */
		EC328E391D59007A00B5027E /* Sources */ = {
			isa = PBXSourcesBuildPhase;
			buildActionMask = 2147483647;
			files = (
				EC570E141D8B738B0012118C /* EVAWalletDetailCollectionViewCell.swift in Sources */,
				EC328E561D590FA100B5027E /* EVAWalletsCollectionViewCell.swift in Sources */,
				ECE3630C1D816ED70003F724 /* EVAWalletModel.swift in Sources */,
				EC328E541D590D9400B5027E /* EVAWalletsVC+CollectionView.swift in Sources */,
				EC3363801D87F9D500DDF7C7 /* EVACreateWalletVC.swift in Sources */,
				EC570E121D8B73200012118C /* EVAWalletDetailVC+CollectionView.swift in Sources */,
				ECBA909A1D869AB600BD2CD8 /* EVAWalletDetailVC.swift in Sources */,
				EC328E431D59007A00B5027E /* EVAWalletsVC.swift in Sources */,
				ECDC02641D8BA3840066DF90 /* EVARecieveEtherVC.swift in Sources */,
				EC328E411D59007A00B5027E /* AppDelegate.swift in Sources */,
			);
			runOnlyForDeploymentPostprocessing = 0;
		};
/* End PBXSourcesBuildPhase section */

/* Begin PBXVariantGroup section */
		EC328E491D59007A00B5027E /* LaunchScreen.storyboard */ = {
			isa = PBXVariantGroup;
			children = (
				EC328E4A1D59007A00B5027E /* Base */,
			);
			name = LaunchScreen.storyboard;
			sourceTree = "<group>";
		};
		ECB613C61D86BE24002CAC53 /* Main.storyboard */ = {
			isa = PBXVariantGroup;
			children = (
				ECB613C71D86BE24002CAC53 /* Base */,
			);
			name = Main.storyboard;
			sourceTree = "<group>";
		};
/* End PBXVariantGroup section */

/* Begin XCBuildConfiguration section */
		EC328E4D1D59007A00B5027E /* Debug */ = {
			isa = XCBuildConfiguration;
			buildSettings = {
				ALWAYS_SEARCH_USER_PATHS = NO;
				CLANG_ANALYZER_NONNULL = YES;
				CLANG_CXX_LANGUAGE_STANDARD = "gnu++0x";
				CLANG_CXX_LIBRARY = "libc++";
				CLANG_ENABLE_MODULES = YES;
				CLANG_ENABLE_OBJC_ARC = YES;
				CLANG_WARN_BOOL_CONVERSION = YES;
				CLANG_WARN_CONSTANT_CONVERSION = YES;
				CLANG_WARN_DIRECT_OBJC_ISA_USAGE = YES_ERROR;
				CLANG_WARN_EMPTY_BODY = YES;
				CLANG_WARN_ENUM_CONVERSION = YES;
				CLANG_WARN_INFINITE_RECURSION = YES;
				CLANG_WARN_INT_CONVERSION = YES;
				CLANG_WARN_OBJC_ROOT_CLASS = YES_ERROR;
				CLANG_WARN_SUSPICIOUS_MOVE = YES;
				CLANG_WARN_UNREACHABLE_CODE = YES;
				CLANG_WARN__DUPLICATE_METHOD_MATCH = YES;
				"CODE_SIGN_IDENTITY[sdk=iphoneos*]" = "iPhone Developer";
				COPY_PHASE_STRIP = NO;
				DEBUG_INFORMATION_FORMAT = dwarf;
				ENABLE_STRICT_OBJC_MSGSEND = YES;
				ENABLE_TESTABILITY = YES;
				GCC_C_LANGUAGE_STANDARD = gnu99;
				GCC_DYNAMIC_NO_PIC = NO;
				GCC_NO_COMMON_BLOCKS = YES;
				GCC_OPTIMIZATION_LEVEL = 0;
				GCC_PREPROCESSOR_DEFINITIONS = (
					"DEBUG=1",
					"$(inherited)",
				);
				GCC_WARN_64_TO_32_BIT_CONVERSION = YES;
				GCC_WARN_ABOUT_RETURN_TYPE = YES_ERROR;
				GCC_WARN_UNDECLARED_SELECTOR = YES;
				GCC_WARN_UNINITIALIZED_AUTOS = YES_AGGRESSIVE;
				GCC_WARN_UNUSED_FUNCTION = YES;
				GCC_WARN_UNUSED_VARIABLE = YES;
				IPHONEOS_DEPLOYMENT_TARGET = 9.3;
				MTL_ENABLE_DEBUG_INFO = YES;
				ONLY_ACTIVE_ARCH = YES;
				SDKROOT = iphoneos;
				SWIFT_OPTIMIZATION_LEVEL = "-Onone";
			};
			name = Debug;
		};
		EC328E4E1D59007A00B5027E /* Release */ = {
			isa = XCBuildConfiguration;
			buildSettings = {
				ALWAYS_SEARCH_USER_PATHS = NO;
				CLANG_ANALYZER_NONNULL = YES;
				CLANG_CXX_LANGUAGE_STANDARD = "gnu++0x";
				CLANG_CXX_LIBRARY = "libc++";
				CLANG_ENABLE_MODULES = YES;
				CLANG_ENABLE_OBJC_ARC = YES;
				CLANG_WARN_BOOL_CONVERSION = YES;
				CLANG_WARN_CONSTANT_CONVERSION = YES;
				CLANG_WARN_DIRECT_OBJC_ISA_USAGE = YES_ERROR;
				CLANG_WARN_EMPTY_BODY = YES;
				CLANG_WARN_ENUM_CONVERSION = YES;
				CLANG_WARN_INFINITE_RECURSION = YES;
				CLANG_WARN_INT_CONVERSION = YES;
				CLANG_WARN_OBJC_ROOT_CLASS = YES_ERROR;
				CLANG_WARN_SUSPICIOUS_MOVE = YES;
				CLANG_WARN_UNREACHABLE_CODE = YES;
				CLANG_WARN__DUPLICATE_METHOD_MATCH = YES;
				"CODE_SIGN_IDENTITY[sdk=iphoneos*]" = "iPhone Developer";
				COPY_PHASE_STRIP = NO;
				DEBUG_INFORMATION_FORMAT = "dwarf-with-dsym";
				ENABLE_NS_ASSERTIONS = NO;
				ENABLE_STRICT_OBJC_MSGSEND = YES;
				GCC_C_LANGUAGE_STANDARD = gnu99;
				GCC_NO_COMMON_BLOCKS = YES;
				GCC_WARN_64_TO_32_BIT_CONVERSION = YES;
				GCC_WARN_ABOUT_RETURN_TYPE = YES_ERROR;
				GCC_WARN_UNDECLARED_SELECTOR = YES;
				GCC_WARN_UNINITIALIZED_AUTOS = YES_AGGRESSIVE;
				GCC_WARN_UNUSED_FUNCTION = YES;
				GCC_WARN_UNUSED_VARIABLE = YES;
				IPHONEOS_DEPLOYMENT_TARGET = 9.3;
				MTL_ENABLE_DEBUG_INFO = NO;
				SDKROOT = iphoneos;
				SWIFT_OPTIMIZATION_LEVEL = "-Owholemodule";
				VALIDATE_PRODUCT = YES;
			};
			name = Release;
		};
		EC328E501D59007A00B5027E /* Debug */ = {
			isa = XCBuildConfiguration;
			baseConfigurationReference = 99155A6C8712D06C3A9A27C5 /* Pods-EVA Wallet.debug.xcconfig */;
			buildSettings = {
				ASSETCATALOG_COMPILER_APPICON_NAME = AppIcon;
				DEVELOPMENT_TEAM = 79HLANPT5D;
				INFOPLIST_FILE = "EVA Wallet/Info.plist";
				LD_RUNPATH_SEARCH_PATHS = "$(inherited) @executable_path/Frameworks";
				PRODUCT_BUNDLE_IDENTIFIER = "com.flailingwhale.EVA-Wallet";
				PRODUCT_NAME = "$(TARGET_NAME)";
				SWIFT_VERSION = 3.0;
			};
			name = Debug;
		};
		EC328E511D59007A00B5027E /* Release */ = {
			isa = XCBuildConfiguration;
			baseConfigurationReference = 3853D3569CF92C899C62C9EF /* Pods-EVA Wallet.release.xcconfig */;
			buildSettings = {
				ASSETCATALOG_COMPILER_APPICON_NAME = AppIcon;
				DEVELOPMENT_TEAM = 79HLANPT5D;
				INFOPLIST_FILE = "EVA Wallet/Info.plist";
				LD_RUNPATH_SEARCH_PATHS = "$(inherited) @executable_path/Frameworks";
				PRODUCT_BUNDLE_IDENTIFIER = "com.flailingwhale.EVA-Wallet";
				PRODUCT_NAME = "$(TARGET_NAME)";
				SWIFT_VERSION = 3.0;
			};
			name = Release;
		};
/* End XCBuildConfiguration section */

/* Begin XCConfigurationList section */
		EC328E381D59007A00B5027E /* Build configuration list for PBXProject "EVA Wallet" */ = {
			isa = XCConfigurationList;
			buildConfigurations = (
				EC328E4D1D59007A00B5027E /* Debug */,
				EC328E4E1D59007A00B5027E /* Release */,
			);
			defaultConfigurationIsVisible = 0;
			defaultConfigurationName = Release;
		};
		EC328E4F1D59007A00B5027E /* Build configuration list for PBXNativeTarget "EVA Wallet" */ = {
			isa = XCConfigurationList;
			buildConfigurations = (
				EC328E501D59007A00B5027E /* Debug */,
				EC328E511D59007A00B5027E /* Release */,
			);
			defaultConfigurationIsVisible = 0;
			defaultConfigurationName = Release;
		};
/* End XCConfigurationList section */
	};
	rootObject = EC328E351D59007A00B5027E /* Project object */;
}
